<?xml version="1.0" encoding="utf-8"?>
<Project ToolsVersion="4.0" xmlns="http://schemas.microsoft.com/developer/msbuild/2003">
  <ItemGroup>
    <ClCompile Include="ZEngine.cpp" />
    <ClCompile Include="CCameraScript.cpp">
      <Filter>Contents\_Script\Camera</Filter>
    </ClCompile>
    <ClCompile Include="CPlayScene.cpp">
      <Filter>Contents\_Scene</Filter>
    </ClCompile>
    <ClCompile Include="CSceneEnding.cpp">
      <Filter>Contents\_Scene\00_Title\Ending</Filter>
    </ClCompile>
    <ClCompile Include="CSceneIntro.cpp">
      <Filter>Contents\_Scene\00_Title\Intro</Filter>
    </ClCompile>
    <ClCompile Include="CSceneLoading.cpp">
      <Filter>Contents\_Scene\00_Title\Loading</Filter>
    </ClCompile>
    <ClCompile Include="CSceneMainMenu.cpp">
      <Filter>Contents\_Scene\00_Title\MainMenu</Filter>
    </ClCompile>
    <ClCompile Include="CGridScript.cpp">
      <Filter>Contents\_Script\Grid</Filter>
    </ClCompile>
    <ClCompile Include="CPlayerScript.cpp">
      <Filter>Contents\_Script\Player</Filter>
    </ClCompile>
    <ClCompile Include="CCards.cpp">
      <Filter>Contents\Objects\_Cards</Filter>
    </ClCompile>
    <ClCompile Include="CSunLights.cpp">
      <Filter>Contents\Objects\_SunLights</Filter>
    </ClCompile>
    <ClCompile Include="CPlants.cpp">
      <Filter>Contents\Objects\Plants</Filter>
    </ClCompile>
    <ClCompile Include="CCommonObjects.cpp">
      <Filter>Contents\Objects</Filter>
    </ClCompile>
    <ClCompile Include="CZombies.cpp">
      <Filter>Contents\Objects\Zombies</Filter>
    </ClCompile>
    <ClCompile Include="CBoard.cpp">
      <Filter>Contents\Objects\_Board</Filter>
    </ClCompile>
    <ClCompile Include="CSunflower.cpp">
      <Filter>Contents\Objects\Plants\0_SunFlower</Filter>
    </ClCompile>
    <ClCompile Include="CPeaShooter.cpp">
      <Filter>Contents\Objects\Plants\2_PeaShooter</Filter>
    </ClCompile>
    <ClCompile Include="CWallNut.cpp">
      <Filter>Contents\Objects\Plants\1_WallNut</Filter>
    </ClCompile>
    <ClCompile Include="CChomper.cpp">
      <Filter>Contents\Objects\Plants\3_Chomper</Filter>
    </ClCompile>
    <ClCompile Include="CJalapeno.cpp">
      <Filter>Contents\Objects\Plants\4_Jalapeno</Filter>
    </ClCompile>
    <ClCompile Include="CCherryBomb.cpp">
      <Filter>Contents\Objects\Plants\5_CherryBomb</Filter>
    </ClCompile>
    <ClCompile Include="CScenePlayGrassDay.cpp">
      <Filter>Contents\_Scene\01_PlayGrass</Filter>
    </ClCompile>
    <ClCompile Include="CScenePlayGrassNight.cpp">
      <Filter>Contents\_Scene\01_PlayGrass\Night</Filter>
    </ClCompile>
  </ItemGroup>
  <ItemGroup>
    <ClInclude Include="framework.h" />
    <ClInclude Include="CCameraScript.h">
      <Filter>Contents\_Script\Camera</Filter>
    </ClInclude>
    <ClInclude Include="CPlayScene.h">
      <Filter>Contents\_Scene</Filter>
    </ClInclude>
    <ClInclude Include="LoadScenes.h">
      <Filter>Contents\_Load</Filter>
    </ClInclude>
    <ClInclude Include="CSceneEnding.h">
      <Filter>Contents\_Scene\00_Title\Ending</Filter>
    </ClInclude>
    <ClInclude Include="CSceneIntro.h">
      <Filter>Contents\_Scene\00_Title\Intro</Filter>
    </ClInclude>
    <ClInclude Include="CSceneLoading.h">
      <Filter>Contents\_Scene\00_Title\Loading</Filter>
    </ClInclude>
    <ClInclude Include="CSceneMainMenu.h">
      <Filter>Contents\_Scene\00_Title\MainMenu</Filter>
    </ClInclude>
    <ClInclude Include="CGridScript.h">
      <Filter>Contents\_Script\Grid</Filter>
    </ClInclude>
    <ClInclude Include="CPlayerScript.h">
      <Filter>Contents\_Script\Player</Filter>
    </ClInclude>
    <ClInclude Include="CCards.h">
      <Filter>Contents\Objects\_Cards</Filter>
    </ClInclude>
    <ClInclude Include="CSunLights.h">
      <Filter>Contents\Objects\_SunLights</Filter>
    </ClInclude>
    <ClInclude Include="CPlants.h">
      <Filter>Contents\Objects\Plants</Filter>
    </ClInclude>
    <ClInclude Include="CCommonObjects.h">
      <Filter>Contents\Objects</Filter>
    </ClInclude>
    <ClInclude Include="CZombies.h">
      <Filter>Contents\Objects\Zombies</Filter>
    </ClInclude>
    <ClInclude Include="..\Engine_SOURCE\CCommon.h">
      <Filter>Contents\Objects</Filter>
    </ClInclude>
    <ClInclude Include="CBoard.h">
      <Filter>Contents\Objects\_Board</Filter>
    </ClInclude>
    <ClInclude Include="CSunflower.h">
      <Filter>Contents\Objects\Plants\0_SunFlower</Filter>
    </ClInclude>
    <ClInclude Include="CPeaShooter.h">
      <Filter>Contents\Objects\Plants\2_PeaShooter</Filter>
    </ClInclude>
    <ClInclude Include="CWallNut.h">
      <Filter>Contents\Objects\Plants\1_WallNut</Filter>
    </ClInclude>
    <ClInclude Include="CChomper.h">
      <Filter>Contents\Objects\Plants\3_Chomper</Filter>
    </ClInclude>
    <ClInclude Include="CJalapeno.h">
      <Filter>Contents\Objects\Plants\4_Jalapeno</Filter>
    </ClInclude>
    <ClInclude Include="CCherryBomb.h">
      <Filter>Contents\Objects\Plants\5_CherryBomb</Filter>
    </ClInclude>
    <ClInclude Include="CScenePlayGrassDay.h">
      <Filter>Contents\_Scene\01_PlayGrass</Filter>
    </ClInclude>
    <ClInclude Include="resource.h" />
    <ClInclude Include="CScenePlayGrassNight.h">
      <Filter>Contents\_Scene\01_PlayGrass\Night</Filter>
    </ClInclude>
  </ItemGroup>
  <ItemGroup>
    <Filter Include="Contents">
      <UniqueIdentifier>{ea43b61f-ee1d-4279-b23e-99c92d558e81}</UniqueIdentifier>
    </Filter>
    <Filter Include="Contents\_Load">
      <UniqueIdentifier>{c2d1cd42-8cae-4777-a7b3-bf7a17ea3a7d}</UniqueIdentifier>
    </Filter>
    <Filter Include="Contents\_Scene">
      <UniqueIdentifier>{ac505b98-9a40-4963-b3a5-db3d68f1082d}</UniqueIdentifier>
    </Filter>
    <Filter Include="Contents\_Scene\00_Title">
      <UniqueIdentifier>{4f4b65af-f530-43a4-8ae6-7270d07e1f4d}</UniqueIdentifier>
    </Filter>
    <Filter Include="Contents\_Scene\00_Title\Ending">
      <UniqueIdentifier>{d22e6798-cf56-4226-b2c6-288e79a89472}</UniqueIdentifier>
    </Filter>
    <Filter Include="Contents\_Scene\00_Title\Intro">
      <UniqueIdentifier>{89164cbd-e635-4d4d-8092-94eb331f60b4}</UniqueIdentifier>
    </Filter>
    <Filter Include="Contents\_Scene\00_Title\Loading">
      <UniqueIdentifier>{581c6c1e-71bd-412f-8de0-cb4b88b69dfd}</UniqueIdentifier>
    </Filter>
    <Filter Include="Contents\_Scene\00_Title\MainMenu">
      <UniqueIdentifier>{e15a28e8-de37-437c-b026-6194f84bd824}</UniqueIdentifier>
    </Filter>
    <Filter Include="Contents\_Scene\01_PlayGrass">
      <UniqueIdentifier>{6822c385-90a3-4418-b7d6-edd99a86b94e}</UniqueIdentifier>
    </Filter>
    <Filter Include="Contents\_Script">
      <UniqueIdentifier>{e4057279-a017-405f-9609-75ea8f7a8d6f}</UniqueIdentifier>
    </Filter>
    <Filter Include="Contents\_Script\Camera">
      <UniqueIdentifier>{513e469d-0689-48f5-8139-886ecc213c21}</UniqueIdentifier>
    </Filter>
    <Filter Include="Contents\_Script\Grid">
      <UniqueIdentifier>{345e9769-6397-4842-99b2-e3b0cd99d4d2}</UniqueIdentifier>
    </Filter>
    <Filter Include="Contents\_Script\Player">
      <UniqueIdentifier>{78d14473-a701-49b2-9e35-51fdc090d7f6}</UniqueIdentifier>
    </Filter>
    <Filter Include="Contents\Objects">
      <UniqueIdentifier>{59530e32-4217-4af0-bc8f-f6a15e046284}</UniqueIdentifier>
    </Filter>
    <Filter Include="Contents\Objects\Plants">
      <UniqueIdentifier>{82b8e692-ddf0-48eb-bf5b-7fb480f222f4}</UniqueIdentifier>
    </Filter>
    <Filter Include="Contents\Objects\Zombies">
      <UniqueIdentifier>{e38d7b8c-272b-4873-bb81-79a0a8762776}</UniqueIdentifier>
    </Filter>
    <Filter Include="Contents\Objects\_Cards">
      <UniqueIdentifier>{0c533a71-a046-4107-bf49-2d5b82d2bd8b}</UniqueIdentifier>
    </Filter>
    <Filter Include="Contents\Objects\_SunLights">
      <UniqueIdentifier>{428c2c7c-2025-4d38-bb94-f995265ed9f4}</UniqueIdentifier>
    </Filter>
    <Filter Include="Contents\Objects\_Board">
      <UniqueIdentifier>{4e136bf0-b204-44aa-aba3-8b5656ef8934}</UniqueIdentifier>
    </Filter>
    <Filter Include="Contents\Objects\Plants\0_SunFlower">
      <UniqueIdentifier>{9590436b-c78e-4090-88de-b7dcb376dcec}</UniqueIdentifier>
    </Filter>
    <Filter Include="Contents\Objects\Plants\3_Chomper">
      <UniqueIdentifier>{59780a91-aca6-411c-9ee4-54dba0fade9d}</UniqueIdentifier>
    </Filter>
    <Filter Include="Contents\Objects\Plants\4_Jalapeno">
      <UniqueIdentifier>{94a26e7d-24af-4baf-a707-65349347dcf1}</UniqueIdentifier>
    </Filter>
    <Filter Include="Contents\Objects\Plants\5_CherryBomb">
      <UniqueIdentifier>{a1de331d-3827-4e6d-aa90-e368f94246e8}</UniqueIdentifier>
    </Filter>
    <Filter Include="Contents\Objects\Plants\1_WallNut">
      <UniqueIdentifier>{39d9b3a9-ab07-447d-803d-a3e24766eb42}</UniqueIdentifier>
    </Filter>
    <Filter Include="Contents\Objects\Plants\2_PeaShooter">
      <UniqueIdentifier>{9d1083c9-48a0-4e3e-8625-086387243930}</UniqueIdentifier>
    </Filter>
    <Filter Include="Contents\_Scene\01_PlayGrass\Night">
      <UniqueIdentifier>{924d5d71-e1b8-44f2-ae9c-48435aab0695}</UniqueIdentifier>
    </Filter>
  </ItemGroup>
  <ItemGroup>
    <ResourceCompile Include="ZEngine.rc" />
  </ItemGroup>
</Project>