<?xml version="1.0" encoding="utf-8"?>
<Project ToolsVersion="4.0" xmlns="http://schemas.microsoft.com/developer/msbuild/2003">
  <ItemGroup>
    <Filter Include="01_Application">
      <UniqueIdentifier>{f060ced3-fbb5-43df-93e5-a73067e494e5}</UniqueIdentifier>
    </Filter>
    <Filter Include="00_Common">
      <UniqueIdentifier>{eeedd1b9-3bcd-447b-81f1-6836d91ac648}</UniqueIdentifier>
    </Filter>
    <Filter Include="00_Common\Time">
      <UniqueIdentifier>{11aa2f7d-bf8d-4734-b76a-20d3b3b3e01e}</UniqueIdentifier>
    </Filter>
    <Filter Include="00_Common\Entity">
      <UniqueIdentifier>{726500a7-a1dc-432a-a531-823ff16384fb}</UniqueIdentifier>
    </Filter>
    <Filter Include="00_Common\Math">
      <UniqueIdentifier>{88907d90-e0eb-4462-b758-9a8168599fed}</UniqueIdentifier>
    </Filter>
    <Filter Include="00_Common\Graphics">
      <UniqueIdentifier>{37ff5660-b200-4d8b-8851-2bf904880ce1}</UniqueIdentifier>
    </Filter>
    <Filter Include="00_Common\Graphics\ConstantBuffer">
      <UniqueIdentifier>{0fbe8b8a-f6be-4aa4-bcec-6a9d6f42e1c6}</UniqueIdentifier>
    </Filter>
    <Filter Include="02_Scene">
      <UniqueIdentifier>{8c9e427d-e5b2-4d66-8a24-3b8113d37666}</UniqueIdentifier>
    </Filter>
    <Filter Include="03_Layer">
      <UniqueIdentifier>{f03aa7e5-ca53-4ec2-a882-5c000c9cf7f9}</UniqueIdentifier>
    </Filter>
    <Filter Include="04_GameObject">
      <UniqueIdentifier>{d1b10452-0b7d-4e3c-95b4-37c31f763bcc}</UniqueIdentifier>
    </Filter>
    <Filter Include="05_Component">
      <UniqueIdentifier>{790f25a4-116a-42be-ba58-64bbb0da096b}</UniqueIdentifier>
    </Filter>
    <Filter Include="00_Common\Input">
      <UniqueIdentifier>{02f358d0-7c7e-4d82-97cb-0918f0ebb78b}</UniqueIdentifier>
    </Filter>
    <Filter Include="00_Common\Resource">
      <UniqueIdentifier>{b81691a7-8fbe-4101-bdfd-edc972ac50b8}</UniqueIdentifier>
    </Filter>
    <Filter Include="00_Common\Resource\Resources">
      <UniqueIdentifier>{9631ad8b-94f0-408c-b3af-604d02dc3c8e}</UniqueIdentifier>
    </Filter>
    <Filter Include="00_Common\Graphics\Renderer">
      <UniqueIdentifier>{69f1914e-a3c8-401b-9f12-fc73dfb3bba7}</UniqueIdentifier>
    </Filter>
    <Filter Include="02_Scene\Manager">
      <UniqueIdentifier>{36dd7ca7-f234-48b5-8c64-3705976ea0ba}</UniqueIdentifier>
    </Filter>
    <Filter Include="02_Scene\Base">
      <UniqueIdentifier>{2ccf9edd-0bb6-4566-8369-1b7c5632bc2d}</UniqueIdentifier>
    </Filter>
    <Filter Include="00_Common\Graphics\GraphicDevice">
      <UniqueIdentifier>{51b30cbe-2b27-46c4-8730-0236a82c24f6}</UniqueIdentifier>
    </Filter>
    <Filter Include="00_Common\Resource\Material">
      <UniqueIdentifier>{1a69b178-4dbb-4e39-9ffd-014b8742164b}</UniqueIdentifier>
    </Filter>
    <Filter Include="00_Common\Resource\Mesh">
      <UniqueIdentifier>{559a2302-3759-40e8-9496-79ff780cf3ac}</UniqueIdentifier>
    </Filter>
    <Filter Include="00_Common\Resource\Shader">
      <UniqueIdentifier>{8f4a1d2c-6263-41af-96a5-898c4635b72b}</UniqueIdentifier>
    </Filter>
    <Filter Include="00_Common\Resource\Texture">
      <UniqueIdentifier>{60063b9c-c69e-4744-aeef-754220eadfcb}</UniqueIdentifier>
    </Filter>
    <Filter Include="00_Common\Object">
      <UniqueIdentifier>{b7e2b2f3-7cac-4a9c-8dec-8ae7bd0c07b1}</UniqueIdentifier>
    </Filter>
    <Filter Include="00_Common\Resource\Animation">
      <UniqueIdentifier>{12100713-5217-4bb2-9073-8c67e20dbcbc}</UniqueIdentifier>
    </Filter>
    <Filter Include="00_Common\Graphics\StructedBuffer">
      <UniqueIdentifier>{470abeba-5463-41ce-9545-db2ad514f68a}</UniqueIdentifier>
    </Filter>
    <Filter Include="00_Common\Resource\Shader\ComputeShader">
      <UniqueIdentifier>{3a6ccb58-1a16-4213-8064-e4dcc2aa23bf}</UniqueIdentifier>
    </Filter>
    <Filter Include="00_Common\Resource\Shader\PaintShader">
      <UniqueIdentifier>{5604bc71-2295-4e32-b492-b5b244617145}</UniqueIdentifier>
    </Filter>
    <Filter Include="00_Common\Resource\Shader\ParticleShader">
      <UniqueIdentifier>{87d16930-2607-4644-9112-b407b04bff6c}</UniqueIdentifier>
    </Filter>
    <Filter Include="00_Common\Sound">
      <UniqueIdentifier>{154a65a6-33c5-4908-a404-805d44af956f}</UniqueIdentifier>
    </Filter>
    <Filter Include="05_Component\00_Base">
      <UniqueIdentifier>{0d113f36-e56b-47e1-86e5-0480614df306}</UniqueIdentifier>
    </Filter>
    <Filter Include="05_Component\01_Transform">
      <UniqueIdentifier>{dd4017f0-a75c-437d-9799-d1f1e71c536d}</UniqueIdentifier>
    </Filter>
    <Filter Include="05_Component\02_Mesh %28Resource%29">
      <UniqueIdentifier>{c715d5be-90e1-4e6e-8631-a7d9d50df605}</UniqueIdentifier>
    </Filter>
    <Filter Include="05_Component\03_Collider2D">
      <UniqueIdentifier>{532548d4-cf63-4429-9c20-c7df620bd68d}</UniqueIdentifier>
    </Filter>
    <Filter Include="05_Component\03_Collider2D\Manager">
      <UniqueIdentifier>{ffc5bfd3-abb8-4869-949a-4e78b9900eb9}</UniqueIdentifier>
    </Filter>
    <Filter Include="05_Component\04_Particle">
      <UniqueIdentifier>{a5524231-e377-4e42-a3f4-28637d2b384d}</UniqueIdentifier>
    </Filter>
    <Filter Include="05_Component\05_MeshRenderer">
      <UniqueIdentifier>{e1ef3602-6774-4237-81f4-458b81d17712}</UniqueIdentifier>
    </Filter>
    <Filter Include="05_Component\06_Animator">
      <UniqueIdentifier>{ce1b7a51-8d26-4575-a7ff-48088e5e26cc}</UniqueIdentifier>
    </Filter>
    <Filter Include="05_Component\07_Script">
      <UniqueIdentifier>{6c52e0ba-797d-444c-9441-57f6cf8ecd1e}</UniqueIdentifier>
    </Filter>
    <Filter Include="05_Component\08_Light">
      <UniqueIdentifier>{e0bf69b0-dc0b-4547-b172-b05f1a633726}</UniqueIdentifier>
    </Filter>
    <Filter Include="05_Component\09_Camera">
      <UniqueIdentifier>{c94a1636-3123-4b50-b2d6-edf9ef399c4a}</UniqueIdentifier>
    </Filter>
    <Filter Include="05_Component\10_AudioListener">
      <UniqueIdentifier>{9ae4fc3b-2bd3-4d8a-b6e0-939c24bf096c}</UniqueIdentifier>
    </Filter>
    <Filter Include="05_Component\11_AudioSource">
      <UniqueIdentifier>{bc8fa09e-7d25-42a6-b491-b79bf0dc50bd}</UniqueIdentifier>
    </Filter>
    <Filter Include="00_Common\Resource\AudioClip">
      <UniqueIdentifier>{82563802-245c-450f-b612-6ee6188352b5}</UniqueIdentifier>
    </Filter>
    <Filter Include="00_Common\Text">
      <UniqueIdentifier>{8b8c0851-89bb-4983-ae77-125d351da148}</UniqueIdentifier>
    </Filter>
  </ItemGroup>
  <ItemGroup>
    <ClInclude Include="$(MSBuildThisFileDirectory)CResource.h">
      <Filter>00_Common\Resource</Filter>
    </ClInclude>
    <ClInclude Include="$(MSBuildThisFileDirectory)CResources.h">
      <Filter>00_Common\Resource\Resources</Filter>
    </ClInclude>
    <ClInclude Include="$(MSBuildThisFileDirectory)CInput.h">
      <Filter>00_Common\Input</Filter>
    </ClInclude>
    <ClInclude Include="$(MSBuildThisFileDirectory)CApplication.h">
      <Filter>01_Application</Filter>
    </ClInclude>
    <ClInclude Include="$(MSBuildThisFileDirectory)CGraphics.h">
      <Filter>00_Common\Graphics</Filter>
    </ClInclude>
    <ClInclude Include="$(MSBuildThisFileDirectory)CEntity.h">
      <Filter>00_Common\Entity</Filter>
    </ClInclude>
    <ClInclude Include="$(MSBuildThisFileDirectory)ZEngine.h">
      <Filter>00_Common</Filter>
    </ClInclude>
    <ClInclude Include="$(MSBuildThisFileDirectory)CEnums.h">
      <Filter>00_Common</Filter>
    </ClInclude>
    <ClInclude Include="$(MSBuildThisFileDirectory)CommonInclude.h">
      <Filter>00_Common</Filter>
    </ClInclude>
    <ClInclude Include="$(MSBuildThisFileDirectory)CTime.h">
      <Filter>00_Common\Time</Filter>
    </ClInclude>
    <ClInclude Include="$(MSBuildThisFileDirectory)CMath.h">
      <Filter>00_Common\Math</Filter>
    </ClInclude>
    <ClInclude Include="$(MSBuildThisFileDirectory)CLayer.h">
      <Filter>03_Layer</Filter>
    </ClInclude>
    <ClInclude Include="$(MSBuildThisFileDirectory)CGameObject.h">
      <Filter>04_GameObject</Filter>
    </ClInclude>
    <ClInclude Include="$(MSBuildThisFileDirectory)CRenderer.h">
      <Filter>00_Common\Graphics\Renderer</Filter>
    </ClInclude>
    <ClInclude Include="$(MSBuildThisFileDirectory)CShader.h">
      <Filter>00_Common\Resource\Shader</Filter>
    </ClInclude>
    <ClInclude Include="$(MSBuildThisFileDirectory)CMesh.h">
      <Filter>00_Common\Resource\Mesh</Filter>
    </ClInclude>
    <ClInclude Include="$(MSBuildThisFileDirectory)CConstantBuffer.h">
      <Filter>00_Common\Graphics\ConstantBuffer</Filter>
    </ClInclude>
    <ClInclude Include="$(MSBuildThisFileDirectory)CTransform.h">
      <Filter>05_Component\01_Transform</Filter>
    </ClInclude>
    <ClInclude Include="$(MSBuildThisFileDirectory)CScene.h">
      <Filter>02_Scene\Base</Filter>
    </ClInclude>
    <ClInclude Include="$(MSBuildThisFileDirectory)CMeshRenderer.h">
      <Filter>05_Component\05_MeshRenderer</Filter>
    </ClInclude>
    <ClInclude Include="$(MSBuildThisFileDirectory)CTexture.h">
      <Filter>00_Common\Resource\Texture</Filter>
    </ClInclude>
    <ClInclude Include="$(MSBuildThisFileDirectory)CMaterial.h">
      <Filter>00_Common\Resource\Material</Filter>
    </ClInclude>
    <ClInclude Include="$(MSBuildThisFileDirectory)CScript.h">
      <Filter>05_Component\07_Script</Filter>
    </ClInclude>
    <ClInclude Include="$(MSBuildThisFileDirectory)CCamera.h">
      <Filter>05_Component\09_Camera</Filter>
    </ClInclude>
    <ClInclude Include="$(MSBuildThisFileDirectory)CGraphicDevice_Dx11.h">
      <Filter>00_Common\Graphics\GraphicDevice</Filter>
    </ClInclude>
    <ClInclude Include="$(MSBuildThisFileDirectory)CComponent.h">
      <Filter>05_Component\00_Base</Filter>
    </ClInclude>
    <ClInclude Include="$(MSBuildThisFileDirectory)CSceneManager.h">
      <Filter>02_Scene\Manager</Filter>
    </ClInclude>
    <ClInclude Include="$(MSBuildThisFileDirectory)CObject.h">
      <Filter>00_Common\Object</Filter>
    </ClInclude>
    <ClInclude Include="$(MSBuildThisFileDirectory)CCollider2D.h">
      <Filter>05_Component\03_Collider2D</Filter>
    </ClInclude>
    <ClInclude Include="$(MSBuildThisFileDirectory)CCollisionManager.h">
      <Filter>05_Component\03_Collider2D\Manager</Filter>
    </ClInclude>
    <ClInclude Include="$(MSBuildThisFileDirectory)CAnimator.h">
      <Filter>05_Component\06_Animator</Filter>
    </ClInclude>
    <ClInclude Include="$(MSBuildThisFileDirectory)CAnimation.h">
      <Filter>00_Common\Resource\Animation</Filter>
    </ClInclude>
    <ClInclude Include="$(MSBuildThisFileDirectory)CLight.h">
      <Filter>05_Component\08_Light</Filter>
    </ClInclude>
    <ClInclude Include="$(MSBuildThisFileDirectory)CStructedBuffer.h">
      <Filter>00_Common\Graphics\StructedBuffer</Filter>
    </ClInclude>
    <ClInclude Include="$(MSBuildThisFileDirectory)CComputeShader.h">
      <Filter>00_Common\Resource\Shader\ComputeShader</Filter>
    </ClInclude>
    <ClInclude Include="$(MSBuildThisFileDirectory)CPaintShader.h">
      <Filter>00_Common\Resource\Shader\PaintShader</Filter>
    </ClInclude>
    <ClInclude Include="$(MSBuildThisFileDirectory)CParticleSystem.h">
      <Filter>05_Component\04_Particle</Filter>
    </ClInclude>
    <ClInclude Include="$(MSBuildThisFileDirectory)CParticleShader.h">
      <Filter>00_Common\Resource\Shader\ParticleShader</Filter>
    </ClInclude>
    <ClInclude Include="$(MSBuildThisFileDirectory)CFmod.h">
      <Filter>00_Common\Sound</Filter>
    </ClInclude>
    <ClInclude Include="$(MSBuildThisFileDirectory)CAudioListener.h">
      <Filter>05_Component\10_AudioListener</Filter>
    </ClInclude>
    <ClInclude Include="$(MSBuildThisFileDirectory)CAudioSource.h">
      <Filter>05_Component\11_AudioSource</Filter>
    </ClInclude>
    <ClInclude Include="$(MSBuildThisFileDirectory)CAudioClip.h">
      <Filter>00_Common\Resource\AudioClip</Filter>
    </ClInclude>
    <ClInclude Include="$(MSBuildThisFileDirectory)CFontWrapper.h">
      <Filter>00_Common\Text</Filter>
    </ClInclude>
  </ItemGroup>
  <ItemGroup>
    <ClCompile Include="$(MSBuildThisFileDirectory)CResource.cpp">
      <Filter>00_Common\Resource</Filter>
    </ClCompile>
    <ClCompile Include="$(MSBuildThisFileDirectory)CResources.cpp">
      <Filter>00_Common\Resource\Resources</Filter>
    </ClCompile>
    <ClCompile Include="$(MSBuildThisFileDirectory)CInput.cpp">
      <Filter>00_Common\Input</Filter>
    </ClCompile>
    <ClCompile Include="$(MSBuildThisFileDirectory)CApplication.cpp">
      <Filter>01_Application</Filter>
    </ClCompile>
    <ClCompile Include="$(MSBuildThisFileDirectory)CEntity.cpp">
      <Filter>00_Common\Entity</Filter>
    </ClCompile>
    <ClCompile Include="$(MSBuildThisFileDirectory)CTime.cpp">
      <Filter>00_Common\Time</Filter>
    </ClCompile>
    <ClCompile Include="$(MSBuildThisFileDirectory)CMath.cpp">
      <Filter>00_Common\Math</Filter>
    </ClCompile>
    <ClCompile Include="$(MSBuildThisFileDirectory)CLayer.cpp">
      <Filter>03_Layer</Filter>
    </ClCompile>
    <ClCompile Include="$(MSBuildThisFileDirectory)CGameObject.cpp">
      <Filter>04_GameObject</Filter>
    </ClCompile>
    <ClCompile Include="$(MSBuildThisFileDirectory)CRenderer.cpp">
      <Filter>00_Common\Graphics\Renderer</Filter>
    </ClCompile>
    <ClCompile Include="$(MSBuildThisFileDirectory)CShader.cpp">
      <Filter>00_Common\Resource\Shader</Filter>
    </ClCompile>
    <ClCompile Include="$(MSBuildThisFileDirectory)CMesh.cpp">
      <Filter>00_Common\Resource\Mesh</Filter>
    </ClCompile>
    <ClCompile Include="$(MSBuildThisFileDirectory)CConstantBuffer.cpp">
      <Filter>00_Common\Graphics\ConstantBuffer</Filter>
    </ClCompile>
    <ClCompile Include="$(MSBuildThisFileDirectory)CTransform.cpp">
      <Filter>05_Component\01_Transform</Filter>
    </ClCompile>
    <ClCompile Include="$(MSBuildThisFileDirectory)CScene.cpp">
      <Filter>02_Scene\Base</Filter>
    </ClCompile>
    <ClCompile Include="$(MSBuildThisFileDirectory)CMeshRenderer.cpp">
      <Filter>05_Component\05_MeshRenderer</Filter>
    </ClCompile>
    <ClCompile Include="$(MSBuildThisFileDirectory)CTexture.cpp">
      <Filter>00_Common\Resource\Texture</Filter>
    </ClCompile>
    <ClCompile Include="$(MSBuildThisFileDirectory)CMaterial.cpp">
      <Filter>00_Common\Resource\Material</Filter>
    </ClCompile>
    <ClCompile Include="$(MSBuildThisFileDirectory)CScript.cpp">
      <Filter>05_Component\07_Script</Filter>
    </ClCompile>
    <ClCompile Include="$(MSBuildThisFileDirectory)CCamera.cpp">
      <Filter>05_Component\09_Camera</Filter>
    </ClCompile>
    <ClCompile Include="$(MSBuildThisFileDirectory)CGraphicDevice_Dx11.cpp">
      <Filter>00_Common\Graphics\GraphicDevice</Filter>
    </ClCompile>
    <ClCompile Include="$(MSBuildThisFileDirectory)CComponent.cpp">
      <Filter>05_Component\00_Base</Filter>
    </ClCompile>
    <ClCompile Include="$(MSBuildThisFileDirectory)CSceneManager.cpp">
      <Filter>02_Scene\Manager</Filter>
    </ClCompile>
    <ClCompile Include="$(MSBuildThisFileDirectory)CCollider2D.cpp">
      <Filter>05_Component\03_Collider2D</Filter>
    </ClCompile>
    <ClCompile Include="$(MSBuildThisFileDirectory)CCollisionManager.cpp">
      <Filter>05_Component\03_Collider2D\Manager</Filter>
    </ClCompile>
    <ClCompile Include="$(MSBuildThisFileDirectory)CAnimator.cpp">
      <Filter>05_Component\06_Animator</Filter>
    </ClCompile>
    <ClCompile Include="$(MSBuildThisFileDirectory)CAnimation.cpp">
      <Filter>00_Common\Resource\Animation</Filter>
    </ClCompile>
    <ClCompile Include="$(MSBuildThisFileDirectory)CLight.cpp">
      <Filter>05_Component\08_Light</Filter>
    </ClCompile>
    <ClCompile Include="$(MSBuildThisFileDirectory)CStructedBuffer.cpp">
      <Filter>00_Common\Graphics\StructedBuffer</Filter>
    </ClCompile>
    <ClCompile Include="$(MSBuildThisFileDirectory)CComputeShader.cpp">
      <Filter>00_Common\Resource\Shader\ComputeShader</Filter>
    </ClCompile>
    <ClCompile Include="$(MSBuildThisFileDirectory)CPaintShader.cpp">
      <Filter>00_Common\Resource\Shader\PaintShader</Filter>
    </ClCompile>
    <ClCompile Include="$(MSBuildThisFileDirectory)CParticleSystem.cpp">
      <Filter>05_Component\04_Particle</Filter>
    </ClCompile>
    <ClCompile Include="$(MSBuildThisFileDirectory)CParticleShader.cpp">
      <Filter>00_Common\Resource\Shader\ParticleShader</Filter>
    </ClCompile>
    <ClCompile Include="$(MSBuildThisFileDirectory)CFmod.cpp">
      <Filter>00_Common\Sound</Filter>
    </ClCompile>
    <ClCompile Include="$(MSBuildThisFileDirectory)CAudioListener.cpp">
      <Filter>05_Component\10_AudioListener</Filter>
    </ClCompile>
    <ClCompile Include="$(MSBuildThisFileDirectory)CAudioSource.cpp">
      <Filter>05_Component\11_AudioSource</Filter>
    </ClCompile>
    <ClCompile Include="$(MSBuildThisFileDirectory)CAudioClip.cpp">
      <Filter>00_Common\Resource\AudioClip</Filter>
    </ClCompile>
    <ClCompile Include="$(MSBuildThisFileDirectory)CFontWrapper.cpp">
      <Filter>00_Common\Text</Filter>
    </ClCompile>
  </ItemGroup>
  <ItemGroup>
    <None Include="$(MSBuildThisFileDirectory)CMath.inl">
      <Filter>00_Common\Math</Filter>
    </None>
  </ItemGroup>
</Project>