<?xml version="1.0" encoding="utf-8"?>
<Project ToolsVersion="4.0" xmlns="http://schemas.microsoft.com/developer/msbuild/2003">
  <ItemGroup>
    <Filter Include="Vertex">
      <UniqueIdentifier>{3c171425-c693-4076-aaf3-bcf50888fe5c}</UniqueIdentifier>
    </Filter>
    <Filter Include="Pixel">
      <UniqueIdentifier>{84c73051-b50f-4c94-a1e8-f6401efb72d6}</UniqueIdentifier>
    </Filter>
    <Filter Include="Compute">
      <UniqueIdentifier>{35c3366c-35aa-4b42-9c89-7bbb0d62430b}</UniqueIdentifier>
    </Filter>
    <Filter Include="Geometry">
      <UniqueIdentifier>{6e7ef93b-d8ea-460d-a8eb-36b6f4156bb2}</UniqueIdentifier>
    </Filter>
  </ItemGroup>
  <ItemGroup>
    <FxCompile Include="$(MSBuildThisFileDirectory)TriangleVS.hlsl">
      <Filter>Vertex</Filter>
    </FxCompile>
    <FxCompile Include="$(MSBuildThisFileDirectory)TrianglePS.hlsl">
      <Filter>Pixel</Filter>
    </FxCompile>
    <FxCompile Include="$(MSBuildThisFileDirectory)SpritePS.hlsl">
      <Filter>Pixel</Filter>
    </FxCompile>
    <FxCompile Include="$(MSBuildThisFileDirectory)SpriteVS.hlsl">
      <Filter>Vertex</Filter>
    </FxCompile>
    <FxCompile Include="$(MSBuildThisFileDirectory)GridVS.hlsl">
      <Filter>Vertex</Filter>
    </FxCompile>
    <FxCompile Include="$(MSBuildThisFileDirectory)GridPS.hlsl">
      <Filter>Pixel</Filter>
    </FxCompile>
    <FxCompile Include="$(MSBuildThisFileDirectory)DebugPS.hlsl">
      <Filter>Pixel</Filter>
    </FxCompile>
    <FxCompile Include="$(MSBuildThisFileDirectory)DebugVS.hlsl">
      <Filter>Vertex</Filter>
    </FxCompile>
    <FxCompile Include="$(MSBuildThisFileDirectory)SpriteAnimationPS.hlsl">
      <Filter>Pixel</Filter>
    </FxCompile>
    <FxCompile Include="$(MSBuildThisFileDirectory)SpriteAnimationVS.hlsl">
      <Filter>Vertex</Filter>
    </FxCompile>
    <FxCompile Include="$(MSBuildThisFileDirectory)PaintCS.hlsl">
      <Filter>Compute</Filter>
    </FxCompile>
    <FxCompile Include="$(MSBuildThisFileDirectory)ParticlePS.hlsl">
      <Filter>Pixel</Filter>
    </FxCompile>
    <FxCompile Include="$(MSBuildThisFileDirectory)ParticleVS.hlsl">
      <Filter>Vertex</Filter>
    </FxCompile>
    <FxCompile Include="$(MSBuildThisFileDirectory)ParticleGS.hlsl">
      <Filter>Geometry</Filter>
    </FxCompile>
    <FxCompile Include="$(MSBuildThisFileDirectory)ParticleCS.hlsl">
      <Filter>Compute</Filter>
    </FxCompile>
  </ItemGroup>
  <ItemGroup>
    <None Include="$(MSBuildThisFileDirectory)globals.hlsli" />
  </ItemGroup>
</Project>