
Microsoft Visual Studio Solution File, Format Version 12.00
# Visual Studio Version 17
VisualStudioVersion = 17.4.33403.182
MinimumVisualStudioVersion = 10.0.40219.1
Project("{8BC9CEB8-8B4A-11D0-8D11-00A0C91BC942}") = "LAMBONE_Client", "LAMBONE_Client\LAMBONE_Client.vcxproj", "{38CE342E-FEB1-46B4-A801-4016391FA179}"
EndProject
Project("{8BC9CEB8-8B4A-11D0-8D11-00A0C91BC942}") = "LAMBONE_Engine", "LAMBONE_Engine\LAMBONE_Engine.vcxproj", "{4CD54372-8082-4891-B8E3-C370CC1B827F}"
EndProject
Project("{8BC9CEB8-8B4A-11D0-8D11-00A0C91BC942}") = "LAMBONE_Shader", "LAMBONE_Shader\LAMBONE_Shader.vcxitems", "{B711D3C6-0CCB-498A-A01B-EB3F092D703F}"
EndProject
Global
	GlobalSection(SolutionConfigurationPlatforms) = preSolution
		Debug|x64 = Debug|x64
		Debug|x86 = Debug|x86
		Release|x64 = Release|x64
		Release|x86 = Release|x86
	EndGlobalSection
	GlobalSection(ProjectConfigurationPlatforms) = postSolution
		{38CE342E-FEB1-46B4-A801-4016391FA179}.Debug|x64.ActiveCfg = Debug|x64
		{38CE342E-FEB1-46B4-A801-4016391FA179}.Debug|x64.Build.0 = Debug|x64
		{38CE342E-FEB1-46B4-A801-4016391FA179}.Debug|x86.ActiveCfg = Debug|Win32
		{38CE342E-FEB1-46B4-A801-4016391FA179}.Debug|x86.Build.0 = Debug|Win32
		{38CE342E-FEB1-46B4-A801-4016391FA179}.Release|x64.ActiveCfg = Release|x64
		{38CE342E-FEB1-46B4-A801-4016391FA179}.Release|x64.Build.0 = Release|x64
		{38CE342E-FEB1-46B4-A801-4016391FA179}.Release|x86.ActiveCfg = Release|Win32
		{38CE342E-FEB1-46B4-A801-4016391FA179}.Release|x86.Build.0 = Release|Win32
		{4CD54372-8082-4891-B8E3-C370CC1B827F}.Debug|x64.ActiveCfg = Debug|x64
		{4CD54372-8082-4891-B8E3-C370CC1B827F}.Debug|x64.Build.0 = Debug|x64
		{4CD54372-8082-4891-B8E3-C370CC1B827F}.Debug|x86.ActiveCfg = Debug|Win32
		{4CD54372-8082-4891-B8E3-C370CC1B827F}.Debug|x86.Build.0 = Debug|Win32
		{4CD54372-8082-4891-B8E3-C370CC1B827F}.Release|x64.ActiveCfg = Release|x64
		{4CD54372-8082-4891-B8E3-C370CC1B827F}.Release|x64.Build.0 = Release|x64
		{4CD54372-8082-4891-B8E3-C370CC1B827F}.Release|x86.ActiveCfg = Release|Win32
		{4CD54372-8082-4891-B8E3-C370CC1B827F}.Release|x86.Build.0 = Release|Win32
	EndGlobalSection
	GlobalSection(SolutionProperties) = preSolution
		HideSolutionNode = FALSE
	EndGlobalSection
	GlobalSection(ExtensibilityGlobals) = postSolution
		SolutionGuid = {957E60DC-17DB-429B-8085-03B7A8B0907A}
	EndGlobalSection
EndGlobal
